
Microsoft Visual Studio Solution File, Format Version 12.00
# Visual Studio Version 17
VisualStudioVersion = 17.4.33205.214
MinimumVisualStudioVersion = 10.0.40219.1
Project("{FAE04EC0-301F-11D3-BF4B-00C04F79EFBC}") = "DataStructure", "DataStructure.csproj", "{6FB51A3E-5A1C-4612-A697-FCDB48DC4961}"
EndProject
Project("{FAE04EC0-301F-11D3-BF4B-00C04F79EFBC}") = "StackUsingLinkedList", "..\StackUsingLinkedList\StackUsingLinkedList.csproj", "{C9908C19-B2FB-4143-A906-50ED7A3AC836}"
EndProject
Project("{FAE04EC0-301F-11D3-BF4B-00C04F79EFBC}") = "QueueUsingLinkedList", "..\QueueUsingLinkedList\QueueUsingLinkedList.csproj", "{BBB132B6-CF7E-4C91-A304-A6DF14F989E5}"
EndProject
Global
	GlobalSection(SolutionConfigurationPlatforms) = preSolution
		Debug|Any CPU = Debug|Any CPU
		Release|Any CPU = Release|Any CPU
	EndGlobalSection
	GlobalSection(ProjectConfigurationPlatforms) = postSolution
		{6FB51A3E-5A1C-4612-A697-FCDB48DC4961}.Debug|Any CPU.ActiveCfg = Debug|Any CPU
		{6FB51A3E-5A1C-4612-A697-FCDB48DC4961}.Debug|Any CPU.Build.0 = Debug|Any CPU
		{6FB51A3E-5A1C-4612-A697-FCDB48DC4961}.Release|Any CPU.ActiveCfg = Release|Any CPU
		{6FB51A3E-5A1C-4612-A697-FCDB48DC4961}.Release|Any CPU.Build.0 = Release|Any CPU
		{C9908C19-B2FB-4143-A906-50ED7A3AC836}.Debug|Any CPU.ActiveCfg = Debug|Any CPU
		{C9908C19-B2FB-4143-A906-50ED7A3AC836}.Debug|Any CPU.Build.0 = Debug|Any CPU
		{C9908C19-B2FB-4143-A906-50ED7A3AC836}.Release|Any CPU.ActiveCfg = Release|Any CPU
		{C9908C19-B2FB-4143-A906-50ED7A3AC836}.Release|Any CPU.Build.0 = Release|Any CPU
		{BBB132B6-CF7E-4C91-A304-A6DF14F989E5}.Debug|Any CPU.ActiveCfg = Debug|Any CPU
		{BBB132B6-CF7E-4C91-A304-A6DF14F989E5}.Debug|Any CPU.Build.0 = Debug|Any CPU
		{BBB132B6-CF7E-4C91-A304-A6DF14F989E5}.Release|Any CPU.ActiveCfg = Release|Any CPU
		{BBB132B6-CF7E-4C91-A304-A6DF14F989E5}.Release|Any CPU.Build.0 = Release|Any CPU
	EndGlobalSection
	GlobalSection(SolutionProperties) = preSolution
		HideSolutionNode = FALSE
	EndGlobalSection
	GlobalSection(ExtensibilityGlobals) = postSolution
		SolutionGuid = {3CEC8CDE-9DD4-4B4C-A772-B840296DF964}
	EndGlobalSection
EndGlobal
